
Microsoft Visual Studio Solution File, Format Version 12.00
# Visual Studio Version 16
VisualStudioVersion = 25.0.1706.7
MinimumVisualStudioVersion = 10.0.40219.1
Project("{FAE04EC0-301F-11D3-BF4B-00C04F79EFBC}") = "Laundromat", "Laundromat\Laundromat.csproj", "{83BFB120-B3E6-40F3-9CCE-72D2DD9658D5}"
EndProject
Global
	GlobalSection(SolutionConfigurationPlatforms) = preSolution
		Debug|Any CPU = Debug|Any CPU
		Release|Any CPU = Release|Any CPU
	EndGlobalSection
	GlobalSection(ProjectConfigurationPlatforms) = postSolution
		{83BFB120-B3E6-40F3-9CCE-72D2DD9658D5}.Debug|Any CPU.ActiveCfg = Debug|Any CPU
		{83BFB120-B3E6-40F3-9CCE-72D2DD9658D5}.Debug|Any CPU.Build.0 = Debug|Any CPU
		{83BFB120-B3E6-40F3-9CCE-72D2DD9658D5}.Release|Any CPU.ActiveCfg = Release|Any CPU
		{83BFB120-B3E6-40F3-9CCE-72D2DD9658D5}.Release|Any CPU.Build.0 = Release|Any CPU
	EndGlobalSection
	GlobalSection(SolutionProperties) = preSolution
		HideSolutionNode = FALSE
	EndGlobalSection
	GlobalSection(ExtensibilityGlobals) = postSolution
		SolutionGuid = {44635A51-D9EB-4D5A-AB44-24BD9D74D648}
	EndGlobalSection
EndGlobal
